
Microsoft Visual Studio Solution File, Format Version 12.00
# Visual Studio Version 16
VisualStudioVersion = 16.0.31702.278
MinimumVisualStudioVersion = 10.0.40219.1
Project("{FAE04EC0-301F-11D3-BF4B-00C04F79EFBC}") = "EAD03", "EAD03\EAD03.csproj", "{FBE00C33-FA72-4953-A903-E05FE474FECC}"
EndProject
Project("{FAE04EC0-301F-11D3-BF4B-00C04F79EFBC}") = "WEB", "WEB\WEB.csproj", "{C9C330ED-2E4D-4EBD-8A3E-25461B06820F}"
	ProjectSection(ProjectDependencies) = postProject
		{FBE00C33-FA72-4953-A903-E05FE474FECC} = {FBE00C33-FA72-4953-A903-E05FE474FECC}
	EndProjectSection
EndProject
Global
	GlobalSection(SolutionConfigurationPlatforms) = preSolution
		Debug|Any CPU = Debug|Any CPU
		Release|Any CPU = Release|Any CPU
	EndGlobalSection
	GlobalSection(ProjectConfigurationPlatforms) = postSolution
		{FBE00C33-FA72-4953-A903-E05FE474FECC}.Debug|Any CPU.ActiveCfg = Debug|Any CPU
		{FBE00C33-FA72-4953-A903-E05FE474FECC}.Debug|Any CPU.Build.0 = Debug|Any CPU
		{FBE00C33-FA72-4953-A903-E05FE474FECC}.Release|Any CPU.ActiveCfg = Release|Any CPU
		{FBE00C33-FA72-4953-A903-E05FE474FECC}.Release|Any CPU.Build.0 = Release|Any CPU
		{C9C330ED-2E4D-4EBD-8A3E-25461B06820F}.Debug|Any CPU.ActiveCfg = Debug|Any CPU
		{C9C330ED-2E4D-4EBD-8A3E-25461B06820F}.Debug|Any CPU.Build.0 = Debug|Any CPU
		{C9C330ED-2E4D-4EBD-8A3E-25461B06820F}.Release|Any CPU.ActiveCfg = Release|Any CPU
		{C9C330ED-2E4D-4EBD-8A3E-25461B06820F}.Release|Any CPU.Build.0 = Release|Any CPU
	EndGlobalSection
	GlobalSection(SolutionProperties) = preSolution
		HideSolutionNode = FALSE
	EndGlobalSection
	GlobalSection(ExtensibilityGlobals) = postSolution
		SolutionGuid = {D0E135F2-C270-4016-AD15-3977AB49DD5F}
	EndGlobalSection
EndGlobal
